// !$*UTF8*$!
{
	archiveVersion = 1;
	classes = {
	};
	objectVersion = 56;
	objects = {

/* Begin PBXBuildFile section */
		531565776E37BF9A82B25D6F /* Pods_MatchMaking.framework in Frameworks */ = {isa = PBXBuildFile; fileRef = 8C5E9070DC572A3531923BE6 /* Pods_MatchMaking.framework */; };
		959E70812C8B2541007C3E8C /* MatchMakingApp.swift in Sources */ = {isa = PBXBuildFile; fileRef = 959E70802C8B2541007C3E8C /* MatchMakingApp.swift */; };
		959E70852C8B2542007C3E8C /* Assets.xcassets in Resources */ = {isa = PBXBuildFile; fileRef = 959E70842C8B2542007C3E8C /* Assets.xcassets */; };
		959E70882C8B2542007C3E8C /* Preview Assets.xcassets in Resources */ = {isa = PBXBuildFile; fileRef = 959E70872C8B2542007C3E8C /* Preview Assets.xcassets */; };
		959E70982C8B25F3007C3E8C /* MatchMakingApp.swift in Sources */ = {isa = PBXBuildFile; fileRef = 959E708E2C8B25F2007C3E8C /* MatchMakingApp.swift */; };
		959E70992C8B25F3007C3E8C /* MatchMaking.xcdatamodeld in Sources */ = {isa = PBXBuildFile; fileRef = 959E708F2C8B25F2007C3E8C /* MatchMaking.xcdatamodeld */; };
		959E709A2C8B25F3007C3E8C /* Assets.xcassets in Resources */ = {isa = PBXBuildFile; fileRef = 959E70912C8B25F2007C3E8C /* Assets.xcassets */; };
		959E709B2C8B25F3007C3E8C /* Persistence.swift in Sources */ = {isa = PBXBuildFile; fileRef = 959E70922C8B25F2007C3E8C /* Persistence.swift */; };
		959E709C2C8B25F3007C3E8C /* Preview Content in Resources */ = {isa = PBXBuildFile; fileRef = 959E70932C8B25F2007C3E8C /* Preview Content */; };
		959E709D2C8B25F3007C3E8C /* Model in Resources */ = {isa = PBXBuildFile; fileRef = 959E70942C8B25F2007C3E8C /* Model */; };
		959E709E2C8B25F3007C3E8C /* View in Resources */ = {isa = PBXBuildFile; fileRef = 959E70952C8B25F3007C3E8C /* View */; };
		959E709F2C8B25F3007C3E8C /* ViewModel in Resources */ = {isa = PBXBuildFile; fileRef = 959E70962C8B25F3007C3E8C /* ViewModel */; };
		959E70A02C8B25F3007C3E8C /* CoreDataManager.swift in Sources */ = {isa = PBXBuildFile; fileRef = 959E70972C8B25F3007C3E8C /* CoreDataManager.swift */; };
		959E70B12C8B2696007C3E8C /* Assets.xcassets in Resources */ = {isa = PBXBuildFile; fileRef = 959E70A12C8B2696007C3E8C /* Assets.xcassets */; };
		959E70B22C8B2696007C3E8C /* Preview Assets.xcassets in Resources */ = {isa = PBXBuildFile; fileRef = 959E70A22C8B2696007C3E8C /* Preview Assets.xcassets */; };
		959E70B32C8B2696007C3E8C /* CoreDataManager.swift in Sources */ = {isa = PBXBuildFile; fileRef = 959E70A42C8B2696007C3E8C /* CoreDataManager.swift */; };
		959E70B42C8B2696007C3E8C /* Persistence.swift in Sources */ = {isa = PBXBuildFile; fileRef = 959E70A52C8B2696007C3E8C /* Persistence.swift */; };
		959E70B52C8B2696007C3E8C /* ContentView.swift in Sources */ = {isa = PBXBuildFile; fileRef = 959E70A62C8B2696007C3E8C /* ContentView.swift */; };
		959E70B62C8B2696007C3E8C /* ProfileCardView.swift in Sources */ = {isa = PBXBuildFile; fileRef = 959E70A72C8B2696007C3E8C /* ProfileCardView.swift */; };
		959E70B72C8B2696007C3E8C /* ShimmerView.swift in Sources */ = {isa = PBXBuildFile; fileRef = 959E70A82C8B2696007C3E8C /* ShimmerView.swift */; };
		959E70B82C8B2696007C3E8C /* MatchMakingApp.swift in Sources */ = {isa = PBXBuildFile; fileRef = 959E70AA2C8B2696007C3E8C /* MatchMakingApp.swift */; };
		959E70B92C8B2696007C3E8C /* ProfileViewModel.swift in Sources */ = {isa = PBXBuildFile; fileRef = 959E70AB2C8B2696007C3E8C /* ProfileViewModel.swift */; };
		959E70BA2C8B2696007C3E8C /* ProfileModel.swift in Sources */ = {isa = PBXBuildFile; fileRef = 959E70AD2C8B2696007C3E8C /* ProfileModel.swift */; };
		959E70BB2C8B2696007C3E8C /* MatchMaking.xcdatamodeld in Sources */ = {isa = PBXBuildFile; fileRef = 959E70AF2C8B2696007C3E8C /* MatchMaking.xcdatamodeld */; };
		959E70BE2C8B26C6007C3E8C /* SDWebImageSwiftUI in Frameworks */ = {isa = PBXBuildFile; productRef = 959E70BD2C8B26C6007C3E8C /* SDWebImageSwiftUI */; };
/* End PBXBuildFile section */

/* Begin PBXFileReference section */
		5550A6ABBAB51C7C1DDB6DD8 /* Pods-MatchMaking.release.xcconfig */ = {isa = PBXFileReference; includeInIndex = 1; lastKnownFileType = text.xcconfig; name = "Pods-MatchMaking.release.xcconfig"; path = "Target Support Files/Pods-MatchMaking/Pods-MatchMaking.release.xcconfig"; sourceTree = "<group>"; };
		6D750EC8FCA341CBB763CC7A /* Pods-MatchMaking.debug.xcconfig */ = {isa = PBXFileReference; includeInIndex = 1; lastKnownFileType = text.xcconfig; name = "Pods-MatchMaking.debug.xcconfig"; path = "Target Support Files/Pods-MatchMaking/Pods-MatchMaking.debug.xcconfig"; sourceTree = "<group>"; };
		8C5E9070DC572A3531923BE6 /* Pods_MatchMaking.framework */ = {isa = PBXFileReference; explicitFileType = wrapper.framework; includeInIndex = 0; path = Pods_MatchMaking.framework; sourceTree = BUILT_PRODUCTS_DIR; };
		959E707D2C8B2541007C3E8C /* MatchMaking.app */ = {isa = PBXFileReference; explicitFileType = wrapper.application; includeInIndex = 0; path = MatchMaking.app; sourceTree = BUILT_PRODUCTS_DIR; };
		959E70802C8B2541007C3E8C /* MatchMakingApp.swift */ = {isa = PBXFileReference; lastKnownFileType = sourcecode.swift; path = MatchMakingApp.swift; sourceTree = "<group>"; };
		959E70842C8B2542007C3E8C /* Assets.xcassets */ = {isa = PBXFileReference; lastKnownFileType = folder.assetcatalog; path = Assets.xcassets; sourceTree = "<group>"; };
		959E70872C8B2542007C3E8C /* Preview Assets.xcassets */ = {isa = PBXFileReference; lastKnownFileType = folder.assetcatalog; path = "Preview Assets.xcassets"; sourceTree = "<group>"; };
		959E708E2C8B25F2007C3E8C /* MatchMakingApp.swift */ = {isa = PBXFileReference; fileEncoding = 4; lastKnownFileType = sourcecode.swift; path = MatchMakingApp.swift; sourceTree = "<group>"; };
		959E70902C8B25F2007C3E8C /* MatchMaking.xcdatamodel */ = {isa = PBXFileReference; lastKnownFileType = wrapper.xcdatamodel; path = MatchMaking.xcdatamodel; sourceTree = "<group>"; };
		959E70912C8B25F2007C3E8C /* Assets.xcassets */ = {isa = PBXFileReference; lastKnownFileType = folder.assetcatalog; path = Assets.xcassets; sourceTree = "<group>"; };
		959E70922C8B25F2007C3E8C /* Persistence.swift */ = {isa = PBXFileReference; fileEncoding = 4; lastKnownFileType = sourcecode.swift; path = Persistence.swift; sourceTree = "<group>"; };
		959E70932C8B25F2007C3E8C /* Preview Content */ = {isa = PBXFileReference; lastKnownFileType = folder; path = "Preview Content"; sourceTree = "<group>"; };
		959E70942C8B25F2007C3E8C /* Model */ = {isa = PBXFileReference; lastKnownFileType = folder; path = Model; sourceTree = "<group>"; };
		959E70952C8B25F3007C3E8C /* View */ = {isa = PBXFileReference; lastKnownFileType = folder; path = View; sourceTree = "<group>"; };
		959E70962C8B25F3007C3E8C /* ViewModel */ = {isa = PBXFileReference; lastKnownFileType = folder; path = ViewModel; sourceTree = "<group>"; };
		959E70972C8B25F3007C3E8C /* CoreDataManager.swift */ = {isa = PBXFileReference; fileEncoding = 4; lastKnownFileType = sourcecode.swift; path = CoreDataManager.swift; sourceTree = "<group>"; };
		959E70A12C8B2696007C3E8C /* Assets.xcassets */ = {isa = PBXFileReference; lastKnownFileType = folder.assetcatalog; path = Assets.xcassets; sourceTree = "<group>"; };
		959E70A22C8B2696007C3E8C /* Preview Assets.xcassets */ = {isa = PBXFileReference; lastKnownFileType = folder.assetcatalog; path = "Preview Assets.xcassets"; sourceTree = "<group>"; };
		959E70A42C8B2696007C3E8C /* CoreDataManager.swift */ = {isa = PBXFileReference; fileEncoding = 4; lastKnownFileType = sourcecode.swift; path = CoreDataManager.swift; sourceTree = "<group>"; };
		959E70A52C8B2696007C3E8C /* Persistence.swift */ = {isa = PBXFileReference; fileEncoding = 4; lastKnownFileType = sourcecode.swift; path = Persistence.swift; sourceTree = "<group>"; };
		959E70A62C8B2696007C3E8C /* ContentView.swift */ = {isa = PBXFileReference; fileEncoding = 4; lastKnownFileType = sourcecode.swift; path = ContentView.swift; sourceTree = "<group>"; };
		959E70A72C8B2696007C3E8C /* ProfileCardView.swift */ = {isa = PBXFileReference; fileEncoding = 4; lastKnownFileType = sourcecode.swift; path = ProfileCardView.swift; sourceTree = "<group>"; };
		959E70A82C8B2696007C3E8C /* ShimmerView.swift */ = {isa = PBXFileReference; fileEncoding = 4; lastKnownFileType = sourcecode.swift; path = ShimmerView.swift; sourceTree = "<group>"; };
		959E70AA2C8B2696007C3E8C /* MatchMakingApp.swift */ = {isa = PBXFileReference; fileEncoding = 4; lastKnownFileType = sourcecode.swift; path = MatchMakingApp.swift; sourceTree = "<group>"; };
		959E70AB2C8B2696007C3E8C /* ProfileViewModel.swift */ = {isa = PBXFileReference; fileEncoding = 4; lastKnownFileType = sourcecode.swift; path = ProfileViewModel.swift; sourceTree = "<group>"; };
		959E70AD2C8B2696007C3E8C /* ProfileModel.swift */ = {isa = PBXFileReference; fileEncoding = 4; lastKnownFileType = sourcecode.swift; path = ProfileModel.swift; sourceTree = "<group>"; };
		959E70B02C8B2696007C3E8C /* MatchMaking.xcdatamodel */ = {isa = PBXFileReference; lastKnownFileType = wrapper.xcdatamodel; path = MatchMaking.xcdatamodel; sourceTree = "<group>"; };
/* End PBXFileReference section */

/* Begin PBXFrameworksBuildPhase section */
		959E707A2C8B2541007C3E8C /* Frameworks */ = {
			isa = PBXFrameworksBuildPhase;
			buildActionMask = 2147483647;
			files = (
				959E70BE2C8B26C6007C3E8C /* SDWebImageSwiftUI in Frameworks */,
				531565776E37BF9A82B25D6F /* Pods_MatchMaking.framework in Frameworks */,
			);
			runOnlyForDeploymentPostprocessing = 0;
		};
/* End PBXFrameworksBuildPhase section */

/* Begin PBXGroup section */
		01A0B1679EDD5D2592C11810 /* Frameworks */ = {
			isa = PBXGroup;
			children = (
				8C5E9070DC572A3531923BE6 /* Pods_MatchMaking.framework */,
			);
			name = Frameworks;
			sourceTree = "<group>";
		};
		817C2DF07F71AEE9424B5958 /* Pods */ = {
			isa = PBXGroup;
			children = (
				6D750EC8FCA341CBB763CC7A /* Pods-MatchMaking.debug.xcconfig */,
				5550A6ABBAB51C7C1DDB6DD8 /* Pods-MatchMaking.release.xcconfig */,
			);
			path = Pods;
			sourceTree = "<group>";
		};
		959E70742C8B2541007C3E8C = {
			isa = PBXGroup;
			children = (
				959E707F2C8B2541007C3E8C /* MatchMaking */,
				959E707E2C8B2541007C3E8C /* Products */,
				817C2DF07F71AEE9424B5958 /* Pods */,
				01A0B1679EDD5D2592C11810 /* Frameworks */,
			);
			sourceTree = "<group>";
		};
		959E707E2C8B2541007C3E8C /* Products */ = {
			isa = PBXGroup;
			children = (
				959E707D2C8B2541007C3E8C /* MatchMaking.app */,
			);
			name = Products;
			sourceTree = "<group>";
		};
		959E707F2C8B2541007C3E8C /* MatchMaking */ = {
			isa = PBXGroup;
			children = (
				959E70A12C8B2696007C3E8C /* Assets.xcassets */,
				959E70A42C8B2696007C3E8C /* CoreDataManager.swift */,
				959E70AF2C8B2696007C3E8C /* MatchMaking.xcdatamodeld */,
				959E70AA2C8B2696007C3E8C /* MatchMakingApp.swift */,
				959E70AE2C8B2696007C3E8C /* Model */,
				959E70A52C8B2696007C3E8C /* Persistence.swift */,
				959E70A32C8B2696007C3E8C /* Preview Content */,
				959E70A92C8B2696007C3E8C /* View */,
				959E70AC2C8B2696007C3E8C /* ViewModel */,
				959E70912C8B25F2007C3E8C /* Assets.xcassets */,
				959E70972C8B25F3007C3E8C /* CoreDataManager.swift */,
				959E708F2C8B25F2007C3E8C /* MatchMaking.xcdatamodeld */,
				959E70802C8B2541007C3E8C /* MatchMakingApp.swift */,
				959E708E2C8B25F2007C3E8C /* MatchMakingApp.swift */,
				959E70942C8B25F2007C3E8C /* Model */,
				959E70922C8B25F2007C3E8C /* Persistence.swift */,
				959E70932C8B25F2007C3E8C /* Preview Content */,
				959E70952C8B25F3007C3E8C /* View */,
				959E70962C8B25F3007C3E8C /* ViewModel */,
				959E70842C8B2542007C3E8C /* Assets.xcassets */,
				959E70862C8B2542007C3E8C /* Preview Content */,
			);
			path = MatchMaking;
			sourceTree = "<group>";
		};
		959E70862C8B2542007C3E8C /* Preview Content */ = {
			isa = PBXGroup;
			children = (
				959E70872C8B2542007C3E8C /* Preview Assets.xcassets */,
			);
			path = "Preview Content";
			sourceTree = "<group>";
		};
		959E70A32C8B2696007C3E8C /* Preview Content */ = {
			isa = PBXGroup;
			children = (
				959E70A22C8B2696007C3E8C /* Preview Assets.xcassets */,
			);
			path = "Preview Content";
			sourceTree = "<group>";
		};
		959E70A92C8B2696007C3E8C /* View */ = {
			isa = PBXGroup;
			children = (
				959E70A62C8B2696007C3E8C /* ContentView.swift */,
				959E70A72C8B2696007C3E8C /* ProfileCardView.swift */,
				959E70A82C8B2696007C3E8C /* ShimmerView.swift */,
			);
			path = View;
			sourceTree = "<group>";
		};
		959E70AC2C8B2696007C3E8C /* ViewModel */ = {
			isa = PBXGroup;
			children = (
				959E70AB2C8B2696007C3E8C /* ProfileViewModel.swift */,
			);
			path = ViewModel;
			sourceTree = "<group>";
		};
		959E70AE2C8B2696007C3E8C /* Model */ = {
			isa = PBXGroup;
			children = (
				959E70AD2C8B2696007C3E8C /* ProfileModel.swift */,
			);
			path = Model;
			sourceTree = "<group>";
		};
/* End PBXGroup section */

/* Begin PBXNativeTarget section */
		959E707C2C8B2541007C3E8C /* MatchMaking */ = {
			isa = PBXNativeTarget;
			buildConfigurationList = 959E708B2C8B2542007C3E8C /* Build configuration list for PBXNativeTarget "MatchMaking" */;
			buildPhases = (
				B5DF4F18F1651AB24A11F290 /* [CP] Check Pods Manifest.lock */,
				959E70792C8B2541007C3E8C /* Sources */,
				959E707A2C8B2541007C3E8C /* Frameworks */,
				959E707B2C8B2541007C3E8C /* Resources */,
				DD175058E4A61BD10068182B /* [CP] Embed Pods Frameworks */,
			);
			buildRules = (
			);
			dependencies = (
			);
			name = MatchMaking;
			packageProductDependencies = (
				959E70BD2C8B26C6007C3E8C /* SDWebImageSwiftUI */,
			);
			productName = MatchMaking;
			productReference = 959E707D2C8B2541007C3E8C /* MatchMaking.app */;
			productType = "com.apple.product-type.application";
		};
/* End PBXNativeTarget section */

/* Begin PBXProject section */
		959E70752C8B2541007C3E8C /* Project object */ = {
			isa = PBXProject;
			attributes = {
				BuildIndependentTargetsInParallel = 1;
				LastSwiftUpdateCheck = 1540;
				LastUpgradeCheck = 1540;
				TargetAttributes = {
					959E707C2C8B2541007C3E8C = {
						CreatedOnToolsVersion = 15.4;
					};
				};
			};
			buildConfigurationList = 959E70782C8B2541007C3E8C /* Build configuration list for PBXProject "MatchMaking" */;
			compatibilityVersion = "Xcode 14.0";
			developmentRegion = en;
			hasScannedForEncodings = 0;
			knownRegions = (
				en,
				Base,
			);
			mainGroup = 959E70742C8B2541007C3E8C;
			packageReferences = (
				959E70BC2C8B26C6007C3E8C /* XCRemoteSwiftPackageReference "SDWebImageSwiftUI" */,
			);
			productRefGroup = 959E707E2C8B2541007C3E8C /* Products */;
			projectDirPath = "";
			projectRoot = "";
			targets = (
				959E707C2C8B2541007C3E8C /* MatchMaking */,
			);
		};
/* End PBXProject section */

/* Begin PBXResourcesBuildPhase section */
		959E707B2C8B2541007C3E8C /* Resources */ = {
			isa = PBXResourcesBuildPhase;
			buildActionMask = 2147483647;
			files = (
				959E709D2C8B25F3007C3E8C /* Model in Resources */,
				959E70B22C8B2696007C3E8C /* Preview Assets.xcassets in Resources */,
				959E709C2C8B25F3007C3E8C /* Preview Content in Resources */,
				959E709F2C8B25F3007C3E8C /* ViewModel in Resources */,
				959E70882C8B2542007C3E8C /* Preview Assets.xcassets in Resources */,
				959E709A2C8B25F3007C3E8C /* Assets.xcassets in Resources */,
				959E70852C8B2542007C3E8C /* Assets.xcassets in Resources */,
				959E70B12C8B2696007C3E8C /* Assets.xcassets in Resources */,
				959E709E2C8B25F3007C3E8C /* View in Resources */,
			);
			runOnlyForDeploymentPostprocessing = 0;
		};
/* End PBXResourcesBuildPhase section */

/* Begin PBXShellScriptBuildPhase section */
		B5DF4F18F1651AB24A11F290 /* [CP] Check Pods Manifest.lock */ = {
			isa = PBXShellScriptBuildPhase;
			buildActionMask = 2147483647;
			files = (
			);
			inputFileListPaths = (
			);
			inputPaths = (
				"${PODS_PODFILE_DIR_PATH}/Podfile.lock",
				"${PODS_ROOT}/Manifest.lock",
			);
			name = "[CP] Check Pods Manifest.lock";
			outputFileListPaths = (
			);
			outputPaths = (
				"$(DERIVED_FILE_DIR)/Pods-MatchMaking-checkManifestLockResult.txt",
			);
			runOnlyForDeploymentPostprocessing = 0;
			shellPath = /bin/sh;
			shellScript = "diff \"${PODS_PODFILE_DIR_PATH}/Podfile.lock\" \"${PODS_ROOT}/Manifest.lock\" > /dev/null\nif [ $? != 0 ] ; then\n    # print error to STDERR\n    echo \"error: The sandbox is not in sync with the Podfile.lock. Run 'pod install' or update your CocoaPods installation.\" >&2\n    exit 1\nfi\n# This output is used by Xcode 'outputs' to avoid re-running this script phase.\necho \"SUCCESS\" > \"${SCRIPT_OUTPUT_FILE_0}\"\n";
			showEnvVarsInLog = 0;
		};
		DD175058E4A61BD10068182B /* [CP] Embed Pods Frameworks */ = {
			isa = PBXShellScriptBuildPhase;
			buildActionMask = 2147483647;
			files = (
			);
			inputFileListPaths = (
				"${PODS_ROOT}/Target Support Files/Pods-MatchMaking/Pods-MatchMaking-frameworks-${CONFIGURATION}-input-files.xcfilelist",
			);
			name = "[CP] Embed Pods Frameworks";
			outputFileListPaths = (
				"${PODS_ROOT}/Target Support Files/Pods-MatchMaking/Pods-MatchMaking-frameworks-${CONFIGURATION}-output-files.xcfilelist",
			);
			runOnlyForDeploymentPostprocessing = 0;
			shellPath = /bin/sh;
			shellScript = "\"${PODS_ROOT}/Target Support Files/Pods-MatchMaking/Pods-MatchMaking-frameworks.sh\"\n";
			showEnvVarsInLog = 0;
		};
/* End PBXShellScriptBuildPhase section */

/* Begin PBXSourcesBuildPhase section */
		959E70792C8B2541007C3E8C /* Sources */ = {
			isa = PBXSourcesBuildPhase;
			buildActionMask = 2147483647;
			files = (
				959E70BA2C8B2696007C3E8C /* ProfileModel.swift in Sources */,
				959E70B32C8B2696007C3E8C /* CoreDataManager.swift in Sources */,
				959E70A02C8B25F3007C3E8C /* CoreDataManager.swift in Sources */,
				959E70B72C8B2696007C3E8C /* ShimmerView.swift in Sources */,
				959E70BB2C8B2696007C3E8C /* MatchMaking.xcdatamodeld in Sources */,
				959E70B52C8B2696007C3E8C /* ContentView.swift in Sources */,
				959E70992C8B25F3007C3E8C /* MatchMaking.xcdatamodeld in Sources */,
				959E70B62C8B2696007C3E8C /* ProfileCardView.swift in Sources */,
				959E70B92C8B2696007C3E8C /* ProfileViewModel.swift in Sources */,
				959E70B42C8B2696007C3E8C /* Persistence.swift in Sources */,
				959E70B82C8B2696007C3E8C /* MatchMakingApp.swift in Sources */,
				959E70982C8B25F3007C3E8C /* MatchMakingApp.swift in Sources */,
				959E70812C8B2541007C3E8C /* MatchMakingApp.swift in Sources */,
				959E709B2C8B25F3007C3E8C /* Persistence.swift in Sources */,
			);
			runOnlyForDeploymentPostprocessing = 0;
		};
/* End PBXSourcesBuildPhase section */

/* Begin XCBuildConfiguration section */
		959E70892C8B2542007C3E8C /* Debug */ = {
			isa = XCBuildConfiguration;
			buildSettings = {
				ALWAYS_SEARCH_USER_PATHS = NO;
				ASSETCATALOG_COMPILER_GENERATE_SWIFT_ASSET_SYMBOL_EXTENSIONS = YES;
				CLANG_ANALYZER_NONNULL = YES;
				CLANG_ANALYZER_NUMBER_OBJECT_CONVERSION = YES_AGGRESSIVE;
				CLANG_CXX_LANGUAGE_STANDARD = "gnu++20";
				CLANG_ENABLE_MODULES = YES;
				CLANG_ENABLE_OBJC_ARC = YES;
				CLANG_ENABLE_OBJC_WEAK = YES;
				CLANG_WARN_BLOCK_CAPTURE_AUTORELEASING = YES;
				CLANG_WARN_BOOL_CONVERSION = YES;
				CLANG_WARN_COMMA = YES;
				CLANG_WARN_CONSTANT_CONVERSION = YES;
				CLANG_WARN_DEPRECATED_OBJC_IMPLEMENTATIONS = YES;
				CLANG_WARN_DIRECT_OBJC_ISA_USAGE = YES_ERROR;
				CLANG_WARN_DOCUMENTATION_COMMENTS = YES;
				CLANG_WARN_EMPTY_BODY = YES;
				CLANG_WARN_ENUM_CONVERSION = YES;
				CLANG_WARN_INFINITE_RECURSION = YES;
				CLANG_WARN_INT_CONVERSION = YES;
				CLANG_WARN_NON_LITERAL_NULL_CONVERSION = YES;
				CLANG_WARN_OBJC_IMPLICIT_RETAIN_SELF = YES;
				CLANG_WARN_OBJC_LITERAL_CONVERSION = YES;
				CLANG_WARN_OBJC_ROOT_CLASS = YES_ERROR;
				CLANG_WARN_QUOTED_INCLUDE_IN_FRAMEWORK_HEADER = YES;
				CLANG_WARN_RANGE_LOOP_ANALYSIS = YES;
				CLANG_WARN_STRICT_PROTOTYPES = YES;
				CLANG_WARN_SUSPICIOUS_MOVE = YES;
				CLANG_WARN_UNGUARDED_AVAILABILITY = YES_AGGRESSIVE;
				CLANG_WARN_UNREACHABLE_CODE = YES;
				CLANG_WARN__DUPLICATE_METHOD_MATCH = YES;
				COPY_PHASE_STRIP = NO;
				DEBUG_INFORMATION_FORMAT = dwarf;
				ENABLE_STRICT_OBJC_MSGSEND = YES;
				ENABLE_TESTABILITY = YES;
				ENABLE_USER_SCRIPT_SANDBOXING = YES;
				GCC_C_LANGUAGE_STANDARD = gnu17;
				GCC_DYNAMIC_NO_PIC = NO;
				GCC_NO_COMMON_BLOCKS = YES;
				GCC_OPTIMIZATION_LEVEL = 0;
				GCC_PREPROCESSOR_DEFINITIONS = (
					"DEBUG=1",
					"$(inherited)",
				);
				GCC_WARN_64_TO_32_BIT_CONVERSION = YES;
				GCC_WARN_ABOUT_RETURN_TYPE = YES_ERROR;
				GCC_WARN_UNDECLARED_SELECTOR = YES;
				GCC_WARN_UNINITIALIZED_AUTOS = YES_AGGRESSIVE;
				GCC_WARN_UNUSED_FUNCTION = YES;
				GCC_WARN_UNUSED_VARIABLE = YES;
				IPHONEOS_DEPLOYMENT_TARGET = 17.5;
				LOCALIZATION_PREFERS_STRING_CATALOGS = YES;
				MTL_ENABLE_DEBUG_INFO = INCLUDE_SOURCE;
				MTL_FAST_MATH = YES;
				ONLY_ACTIVE_ARCH = YES;
				SDKROOT = iphoneos;
				SWIFT_ACTIVE_COMPILATION_CONDITIONS = "DEBUG $(inherited)";
				SWIFT_OPTIMIZATION_LEVEL = "-Onone";
			};
			name = Debug;
		};
		959E708A2C8B2542007C3E8C /* Release */ = {
			isa = XCBuildConfiguration;
			buildSettings = {
				ALWAYS_SEARCH_USER_PATHS = NO;
				ASSETCATALOG_COMPILER_GENERATE_SWIFT_ASSET_SYMBOL_EXTENSIONS = YES;
				CLANG_ANALYZER_NONNULL = YES;
				CLANG_ANALYZER_NUMBER_OBJECT_CONVERSION = YES_AGGRESSIVE;
				CLANG_CXX_LANGUAGE_STANDARD = "gnu++20";
				CLANG_ENABLE_MODULES = YES;
				CLANG_ENABLE_OBJC_ARC = YES;
				CLANG_ENABLE_OBJC_WEAK = YES;
				CLANG_WARN_BLOCK_CAPTURE_AUTORELEASING = YES;
				CLANG_WARN_BOOL_CONVERSION = YES;
				CLANG_WARN_COMMA = YES;
				CLANG_WARN_CONSTANT_CONVERSION = YES;
				CLANG_WARN_DEPRECATED_OBJC_IMPLEMENTATIONS = YES;
				CLANG_WARN_DIRECT_OBJC_ISA_USAGE = YES_ERROR;
				CLANG_WARN_DOCUMENTATION_COMMENTS = YES;
				CLANG_WARN_EMPTY_BODY = YES;
				CLANG_WARN_ENUM_CONVERSION = YES;
				CLANG_WARN_INFINITE_RECURSION = YES;
				CLANG_WARN_INT_CONVERSION = YES;
				CLANG_WARN_NON_LITERAL_NULL_CONVERSION = YES;
				CLANG_WARN_OBJC_IMPLICIT_RETAIN_SELF = YES;
				CLANG_WARN_OBJC_LITERAL_CONVERSION = YES;
				CLANG_WARN_OBJC_ROOT_CLASS = YES_ERROR;
				CLANG_WARN_QUOTED_INCLUDE_IN_FRAMEWORK_HEADER = YES;
				CLANG_WARN_RANGE_LOOP_ANALYSIS = YES;
				CLANG_WARN_STRICT_PROTOTYPES = YES;
				CLANG_WARN_SUSPICIOUS_MOVE = YES;
				CLANG_WARN_UNGUARDED_AVAILABILITY = YES_AGGRESSIVE;
				CLANG_WARN_UNREACHABLE_CODE = YES;
				CLANG_WARN__DUPLICATE_METHOD_MATCH = YES;
				COPY_PHASE_STRIP = NO;
				DEBUG_INFORMATION_FORMAT = "dwarf-with-dsym";
				ENABLE_NS_ASSERTIONS = NO;
				ENABLE_STRICT_OBJC_MSGSEND = YES;
				ENABLE_USER_SCRIPT_SANDBOXING = YES;
				GCC_C_LANGUAGE_STANDARD = gnu17;
				GCC_NO_COMMON_BLOCKS = YES;
				GCC_WARN_64_TO_32_BIT_CONVERSION = YES;
				GCC_WARN_ABOUT_RETURN_TYPE = YES_ERROR;
				GCC_WARN_UNDECLARED_SELECTOR = YES;
				GCC_WARN_UNINITIALIZED_AUTOS = YES_AGGRESSIVE;
				GCC_WARN_UNUSED_FUNCTION = YES;
				GCC_WARN_UNUSED_VARIABLE = YES;
				IPHONEOS_DEPLOYMENT_TARGET = 17.5;
				LOCALIZATION_PREFERS_STRING_CATALOGS = YES;
				MTL_ENABLE_DEBUG_INFO = NO;
				MTL_FAST_MATH = YES;
				SDKROOT = iphoneos;
				SWIFT_COMPILATION_MODE = wholemodule;
				VALIDATE_PRODUCT = YES;
			};
			name = Release;
		};
		959E708C2C8B2542007C3E8C /* Debug */ = {
			isa = XCBuildConfiguration;
			baseConfigurationReference = 6D750EC8FCA341CBB763CC7A /* Pods-MatchMaking.debug.xcconfig */;
			buildSettings = {
				ASSETCATALOG_COMPILER_APPICON_NAME = AppIcon;
				ASSETCATALOG_COMPILER_GLOBAL_ACCENT_COLOR_NAME = AccentColor;
				CODE_SIGN_STYLE = Automatic;
				CURRENT_PROJECT_VERSION = 1;
				DEVELOPMENT_ASSET_PATHS = "\"MatchMaking/Preview Content\"";
				ENABLE_PREVIEWS = YES;
				ENABLE_USER_SCRIPT_SANDBOXING = NO;
				GENERATE_INFOPLIST_FILE = YES;
				INFOPLIST_KEY_UIApplicationSceneManifest_Generation = YES;
				INFOPLIST_KEY_UIApplicationSupportsIndirectInputEvents = YES;
				INFOPLIST_KEY_UILaunchScreen_Generation = YES;
				INFOPLIST_KEY_UISupportedInterfaceOrientations_iPad = "UIInterfaceOrientationPortrait UIInterfaceOrientationPortraitUpsideDown UIInterfaceOrientationLandscapeLeft UIInterfaceOrientationLandscapeRight";
				INFOPLIST_KEY_UISupportedInterfaceOrientations_iPhone = "UIInterfaceOrientationPortrait UIInterfaceOrientationLandscapeLeft UIInterfaceOrientationLandscapeRight";
				LD_RUNPATH_SEARCH_PATHS = (
					"$(inherited)",
					"@executable_path/Frameworks",
				);
				MARKETING_VERSION = 1.0;
				PRODUCT_BUNDLE_IDENTIFIER = ProfileMatchMaker.MatchMaking;
				PRODUCT_NAME = "$(TARGET_NAME)";
				SWIFT_EMIT_LOC_STRINGS = YES;
				SWIFT_VERSION = 5.0;
				TARGETED_DEVICE_FAMILY = "1,2";
			};
			name = Debug;
		};
		959E708D2C8B2542007C3E8C /* Release */ = {
			isa = XCBuildConfiguration;
			baseConfigurationReference = 5550A6ABBAB51C7C1DDB6DD8 /* Pods-MatchMaking.release.xcconfig */;
			buildSettings = {
				ASSETCATALOG_COMPILER_APPICON_NAME = AppIcon;
				ASSETCATALOG_COMPILER_GLOBAL_ACCENT_COLOR_NAME = AccentColor;
				CODE_SIGN_STYLE = Automatic;
				CURRENT_PROJECT_VERSION = 1;
				DEVELOPMENT_ASSET_PATHS = "\"MatchMaking/Preview Content\"";
				ENABLE_PREVIEWS = YES;
				ENABLE_USER_SCRIPT_SANDBOXING = NO;
				GENERATE_INFOPLIST_FILE = YES;
				INFOPLIST_KEY_UIApplicationSceneManifest_Generation = YES;
				INFOPLIST_KEY_UIApplicationSupportsIndirectInputEvents = YES;
				INFOPLIST_KEY_UILaunchScreen_Generation = YES;
				INFOPLIST_KEY_UISupportedInterfaceOrientations_iPad = "UIInterfaceOrientationPortrait UIInterfaceOrientationPortraitUpsideDown UIInterfaceOrientationLandscapeLeft UIInterfaceOrientationLandscapeRight";
				INFOPLIST_KEY_UISupportedInterfaceOrientations_iPhone = "UIInterfaceOrientationPortrait UIInterfaceOrientationLandscapeLeft UIInterfaceOrientationLandscapeRight";
				LD_RUNPATH_SEARCH_PATHS = (
					"$(inherited)",
					"@executable_path/Frameworks",
				);
				MARKETING_VERSION = 1.0;
				PRODUCT_BUNDLE_IDENTIFIER = ProfileMatchMaker.MatchMaking;
				PRODUCT_NAME = "$(TARGET_NAME)";
				SWIFT_EMIT_LOC_STRINGS = YES;
				SWIFT_VERSION = 5.0;
				TARGETED_DEVICE_FAMILY = "1,2";
			};
			name = Release;
		};
/* End XCBuildConfiguration section */

/* Begin XCConfigurationList section */
		959E70782C8B2541007C3E8C /* Build configuration list for PBXProject "MatchMaking" */ = {
			isa = XCConfigurationList;
			buildConfigurations = (
				959E70892C8B2542007C3E8C /* Debug */,
				959E708A2C8B2542007C3E8C /* Release */,
			);
			defaultConfigurationIsVisible = 0;
			defaultConfigurationName = Release;
		};
		959E708B2C8B2542007C3E8C /* Build configuration list for PBXNativeTarget "MatchMaking" */ = {
			isa = XCConfigurationList;
			buildConfigurations = (
				959E708C2C8B2542007C3E8C /* Debug */,
				959E708D2C8B2542007C3E8C /* Release */,
			);
			defaultConfigurationIsVisible = 0;
			defaultConfigurationName = Release;
		};
/* End XCConfigurationList section */

/* Begin XCRemoteSwiftPackageReference section */
		959E70BC2C8B26C6007C3E8C /* XCRemoteSwiftPackageReference "SDWebImageSwiftUI" */ = {
			isa = XCRemoteSwiftPackageReference;
			repositoryURL = "https://github.com/SDWebImage/SDWebImageSwiftUI";
			requirement = {
				kind = upToNextMajorVersion;
				minimumVersion = 3.1.2;
			};
		};
/* End XCRemoteSwiftPackageReference section */

/* Begin XCSwiftPackageProductDependency section */
		959E70BD2C8B26C6007C3E8C /* SDWebImageSwiftUI */ = {
			isa = XCSwiftPackageProductDependency;
			package = 959E70BC2C8B26C6007C3E8C /* XCRemoteSwiftPackageReference "SDWebImageSwiftUI" */;
			productName = SDWebImageSwiftUI;
		};
/* End XCSwiftPackageProductDependency section */

/* Begin XCVersionGroup section */
		959E708F2C8B25F2007C3E8C /* MatchMaking.xcdatamodeld */ = {
			isa = XCVersionGroup;
			children = (
				959E70902C8B25F2007C3E8C /* MatchMaking.xcdatamodel */,
			);
			currentVersion = 959E70902C8B25F2007C3E8C /* MatchMaking.xcdatamodel */;
			name = MatchMaking.xcdatamodeld;
			path = /Users/tatum/Documents/AssignmentMatchMaker/MatchMaking/MatchMaking/MatchMaking.xcdatamodeld;
			sourceTree = "<group>";
			versionGroupType = wrapper.xcdatamodel;
		};
		959E70AF2C8B2696007C3E8C /* MatchMaking.xcdatamodeld */ = {
			isa = XCVersionGroup;
			children = (
				959E70B02C8B2696007C3E8C /* MatchMaking.xcdatamodel */,
			);
			currentVersion = 959E70B02C8B2696007C3E8C /* MatchMaking.xcdatamodel */;
			name = MatchMaking.xcdatamodeld;
			path = /Users/tatum/Documents/AssignmentMatchMaker/MatchMaking/MatchMaking/MatchMaking.xcdatamodeld;
			sourceTree = "<group>";
			versionGroupType = wrapper.xcdatamodel;
		};
/* End XCVersionGroup section */
	};
	rootObject = 959E70752C8B2541007C3E8C /* Project object */;
}
